// !$*UTF8*$!
{
	archiveVersion = 1;
	classes = {
	};
	objectVersion = 46;
	objects = {

/* Begin PBXBuildFile section */
		AE3D9F2B1AAE6FF100A43370 /* HomeViewController.swift in Sources */ = {isa = PBXBuildFile; fileRef = AE3D9F2A1AAE6FF100A43370 /* HomeViewController.swift */; };
		AE3D9F2D1AAE7BF300A43370 /* SignUpViewController.swift in Sources */ = {isa = PBXBuildFile; fileRef = AE3D9F2C1AAE7BF300A43370 /* SignUpViewController.swift */; };
		AECA783B1AAF743A00074BE9 /* NewUserTabBarController.swift in Sources */ = {isa = PBXBuildFile; fileRef = AECA783A1AAF743A00074BE9 /* NewUserTabBarController.swift */; };
		AECA78401AB2041800074BE9 /* Bolts.framework in Frameworks */ = {isa = PBXBuildFile; fileRef = AECA783E1AB2041800074BE9 /* Bolts.framework */; };
		AECA784B1AB204F600074BE9 /* AudioToolbox.framework in Frameworks */ = {isa = PBXBuildFile; fileRef = AECA78421AB204F600074BE9 /* AudioToolbox.framework */; };
		AECA784C1AB204F600074BE9 /* CFNetwork.framework in Frameworks */ = {isa = PBXBuildFile; fileRef = AECA78431AB204F600074BE9 /* CFNetwork.framework */; };
		AECA784D1AB204F600074BE9 /* CoreGraphics.framework in Frameworks */ = {isa = PBXBuildFile; fileRef = AECA78441AB204F600074BE9 /* CoreGraphics.framework */; };
		AECA784E1AB204F600074BE9 /* CoreLocation.framework in Frameworks */ = {isa = PBXBuildFile; fileRef = AECA78451AB204F600074BE9 /* CoreLocation.framework */; };
		AECA784F1AB204F600074BE9 /* MobileCoreServices.framework in Frameworks */ = {isa = PBXBuildFile; fileRef = AECA78461AB204F600074BE9 /* MobileCoreServices.framework */; };
		AECA78501AB204F600074BE9 /* QuartzCore.framework in Frameworks */ = {isa = PBXBuildFile; fileRef = AECA78471AB204F600074BE9 /* QuartzCore.framework */; };
		AECA78511AB204F600074BE9 /* Security.framework in Frameworks */ = {isa = PBXBuildFile; fileRef = AECA78481AB204F600074BE9 /* Security.framework */; };
		AECA78521AB204F600074BE9 /* StoreKit.framework in Frameworks */ = {isa = PBXBuildFile; fileRef = AECA78491AB204F600074BE9 /* StoreKit.framework */; };
		AECA78531AB204F600074BE9 /* SystemConfiguration.framework in Frameworks */ = {isa = PBXBuildFile; fileRef = AECA784A1AB204F600074BE9 /* SystemConfiguration.framework */; };
		AECA78561AB2051A00074BE9 /* libsqlite3.dylib in Frameworks */ = {isa = PBXBuildFile; fileRef = AECA78541AB2051900074BE9 /* libsqlite3.dylib */; };
		AECA78571AB2051A00074BE9 /* libz.dylib in Frameworks */ = {isa = PBXBuildFile; fileRef = AECA78551AB2051900074BE9 /* libz.dylib */; };
		AECA78651AB2102E00074BE9 /* ParseCrashReporting.framework in Frameworks */ = {isa = PBXBuildFile; fileRef = AECA78621AB2102E00074BE9 /* ParseCrashReporting.framework */; };
		AECA78661AB2102E00074BE9 /* ParseFacebookUtils.framework in Frameworks */ = {isa = PBXBuildFile; fileRef = AECA78631AB2102E00074BE9 /* ParseFacebookUtils.framework */; };
		AECA78671AB2102E00074BE9 /* ParseUI.framework in Frameworks */ = {isa = PBXBuildFile; fileRef = AECA78641AB2102E00074BE9 /* ParseUI.framework */; };
		AECA786D1AB3782D00074BE9 /* ParseLogInViewController.swift in Sources */ = {isa = PBXBuildFile; fileRef = AECA786C1AB3782D00074BE9 /* ParseLogInViewController.swift */; };
		AECA806A1AB7755A00074BE9 /* FacebookSDK.framework in Frameworks */ = {isa = PBXBuildFile; fileRef = AECA80691AB7755A00074BE9 /* FacebookSDK.framework */; };
		AECA806C1AB7780A00074BE9 /* Social.framework in Frameworks */ = {isa = PBXBuildFile; fileRef = AECA806B1AB7780A00074BE9 /* Social.framework */; };
		AECA806E1AB7781900074BE9 /* Accounts.framework in Frameworks */ = {isa = PBXBuildFile; fileRef = AECA806D1AB7781900074BE9 /* Accounts.framework */; };
		AECA80711AB77F4F00074BE9 /* Parse.framework in Frameworks */ = {isa = PBXBuildFile; fileRef = AECA80701AB77F4F00074BE9 /* Parse.framework */; };
		AECA80741AB8EE8500074BE9 /* DebugViewController.swift in Sources */ = {isa = PBXBuildFile; fileRef = AECA80731AB8EE8400074BE9 /* DebugViewController.swift */; };
		AEDCDAD11AA8E17800F35E0B /* AppDelegate.swift in Sources */ = {isa = PBXBuildFile; fileRef = AEDCDAD01AA8E17800F35E0B /* AppDelegate.swift */; };
		AEDCDAD81AA8E17800F35E0B /* Main.storyboard in Resources */ = {isa = PBXBuildFile; fileRef = AEDCDAD61AA8E17800F35E0B /* Main.storyboard */; };
		AEDCDADA1AA8E17800F35E0B /* Images.xcassets in Resources */ = {isa = PBXBuildFile; fileRef = AEDCDAD91AA8E17800F35E0B /* Images.xcassets */; };
		AEDCDADD1AA8E17800F35E0B /* LaunchScreen.xib in Resources */ = {isa = PBXBuildFile; fileRef = AEDCDADB1AA8E17800F35E0B /* LaunchScreen.xib */; };
		AEDCDAF31AA8E93700F35E0B /* SettingsTableViewController.swift in Sources */ = {isa = PBXBuildFile; fileRef = AEDCDAF21AA8E93700F35E0B /* SettingsTableViewController.swift */; };
		AEDCDAF51AAE073100F35E0B /* Person.swift in Sources */ = {isa = PBXBuildFile; fileRef = AEDCDAF41AAE073100F35E0B /* Person.swift */; };
		AEDCDAF71AAE0D4200F35E0B /* LoginViewController.swift in Sources */ = {isa = PBXBuildFile; fileRef = AEDCDAF61AAE0D4200F35E0B /* LoginViewController.swift */; };
/* End PBXBuildFile section */

/* Begin PBXFileReference section */
		AE3D9F2A1AAE6FF100A43370 /* HomeViewController.swift */ = {isa = PBXFileReference; fileEncoding = 4; lastKnownFileType = sourcecode.swift; path = HomeViewController.swift; sourceTree = "<group>"; };
		AE3D9F2C1AAE7BF300A43370 /* SignUpViewController.swift */ = {isa = PBXFileReference; fileEncoding = 4; lastKnownFileType = sourcecode.swift; path = SignUpViewController.swift; sourceTree = "<group>"; };
		AECA783A1AAF743A00074BE9 /* NewUserTabBarController.swift */ = {isa = PBXFileReference; fileEncoding = 4; lastKnownFileType = sourcecode.swift; path = NewUserTabBarController.swift; sourceTree = "<group>"; };
		AECA783E1AB2041800074BE9 /* Bolts.framework */ = {isa = PBXFileReference; lastKnownFileType = wrapper.framework; path = Bolts.framework; sourceTree = "<group>"; };
		AECA78421AB204F600074BE9 /* AudioToolbox.framework */ = {isa = PBXFileReference; lastKnownFileType = wrapper.framework; name = AudioToolbox.framework; path = System/Library/Frameworks/AudioToolbox.framework; sourceTree = SDKROOT; };
		AECA78431AB204F600074BE9 /* CFNetwork.framework */ = {isa = PBXFileReference; lastKnownFileType = wrapper.framework; name = CFNetwork.framework; path = System/Library/Frameworks/CFNetwork.framework; sourceTree = SDKROOT; };
		AECA78441AB204F600074BE9 /* CoreGraphics.framework */ = {isa = PBXFileReference; lastKnownFileType = wrapper.framework; name = CoreGraphics.framework; path = System/Library/Frameworks/CoreGraphics.framework; sourceTree = SDKROOT; };
		AECA78451AB204F600074BE9 /* CoreLocation.framework */ = {isa = PBXFileReference; lastKnownFileType = wrapper.framework; name = CoreLocation.framework; path = System/Library/Frameworks/CoreLocation.framework; sourceTree = SDKROOT; };
		AECA78461AB204F600074BE9 /* MobileCoreServices.framework */ = {isa = PBXFileReference; lastKnownFileType = wrapper.framework; name = MobileCoreServices.framework; path = System/Library/Frameworks/MobileCoreServices.framework; sourceTree = SDKROOT; };
		AECA78471AB204F600074BE9 /* QuartzCore.framework */ = {isa = PBXFileReference; lastKnownFileType = wrapper.framework; name = QuartzCore.framework; path = System/Library/Frameworks/QuartzCore.framework; sourceTree = SDKROOT; };
		AECA78481AB204F600074BE9 /* Security.framework */ = {isa = PBXFileReference; lastKnownFileType = wrapper.framework; name = Security.framework; path = System/Library/Frameworks/Security.framework; sourceTree = SDKROOT; };
		AECA78491AB204F600074BE9 /* StoreKit.framework */ = {isa = PBXFileReference; lastKnownFileType = wrapper.framework; name = StoreKit.framework; path = System/Library/Frameworks/StoreKit.framework; sourceTree = SDKROOT; };
		AECA784A1AB204F600074BE9 /* SystemConfiguration.framework */ = {isa = PBXFileReference; lastKnownFileType = wrapper.framework; name = SystemConfiguration.framework; path = System/Library/Frameworks/SystemConfiguration.framework; sourceTree = SDKROOT; };
		AECA78541AB2051900074BE9 /* libsqlite3.dylib */ = {isa = PBXFileReference; lastKnownFileType = "compiled.mach-o.dylib"; name = libsqlite3.dylib; path = usr/lib/libsqlite3.dylib; sourceTree = SDKROOT; };
		AECA78551AB2051900074BE9 /* libz.dylib */ = {isa = PBXFileReference; lastKnownFileType = "compiled.mach-o.dylib"; name = libz.dylib; path = usr/lib/libz.dylib; sourceTree = SDKROOT; };
		AECA78621AB2102E00074BE9 /* ParseCrashReporting.framework */ = {isa = PBXFileReference; lastKnownFileType = wrapper.framework; path = ParseCrashReporting.framework; sourceTree = "<group>"; };
		AECA78631AB2102E00074BE9 /* ParseFacebookUtils.framework */ = {isa = PBXFileReference; lastKnownFileType = wrapper.framework; path = ParseFacebookUtils.framework; sourceTree = "<group>"; };
		AECA78641AB2102E00074BE9 /* ParseUI.framework */ = {isa = PBXFileReference; lastKnownFileType = wrapper.framework; path = ParseUI.framework; sourceTree = "<group>"; };
		AECA78691AB2151B00074BE9 /* Health Social-Bridging-Header.h */ = {isa = PBXFileReference; lastKnownFileType = sourcecode.c.h; path = "Health Social-Bridging-Header.h"; sourceTree = "<group>"; };
		AECA786C1AB3782D00074BE9 /* ParseLogInViewController.swift */ = {isa = PBXFileReference; fileEncoding = 4; lastKnownFileType = sourcecode.swift; path = ParseLogInViewController.swift; sourceTree = "<group>"; };
		AECA80691AB7755A00074BE9 /* FacebookSDK.framework */ = {isa = PBXFileReference; lastKnownFileType = wrapper.framework; path = FacebookSDK.framework; sourceTree = "<group>"; };
		AECA806B1AB7780A00074BE9 /* Social.framework */ = {isa = PBXFileReference; lastKnownFileType = wrapper.framework; name = Social.framework; path = System/Library/Frameworks/Social.framework; sourceTree = SDKROOT; };
		AECA806D1AB7781900074BE9 /* Accounts.framework */ = {isa = PBXFileReference; lastKnownFileType = wrapper.framework; name = Accounts.framework; path = System/Library/Frameworks/Accounts.framework; sourceTree = SDKROOT; };
		AECA80701AB77F4F00074BE9 /* Parse.framework */ = {isa = PBXFileReference; lastKnownFileType = wrapper.framework; path = Parse.framework; sourceTree = "<group>"; };
		AECA80731AB8EE8400074BE9 /* DebugViewController.swift */ = {isa = PBXFileReference; fileEncoding = 4; lastKnownFileType = sourcecode.swift; path = DebugViewController.swift; sourceTree = "<group>"; };
		AEDCDACB1AA8E17800F35E0B /* Health Social.app */ = {isa = PBXFileReference; explicitFileType = wrapper.application; includeInIndex = 0; path = "Health Social.app"; sourceTree = BUILT_PRODUCTS_DIR; };
		AEDCDACF1AA8E17800F35E0B /* Info.plist */ = {isa = PBXFileReference; lastKnownFileType = text.plist.xml; path = Info.plist; sourceTree = "<group>"; };
		AEDCDAD01AA8E17800F35E0B /* AppDelegate.swift */ = {isa = PBXFileReference; lastKnownFileType = sourcecode.swift; path = AppDelegate.swift; sourceTree = "<group>"; };
		AEDCDAD71AA8E17800F35E0B /* Base */ = {isa = PBXFileReference; lastKnownFileType = file.storyboard; name = Base; path = Base.lproj/Main.storyboard; sourceTree = "<group>"; };
		AEDCDAD91AA8E17800F35E0B /* Images.xcassets */ = {isa = PBXFileReference; lastKnownFileType = folder.assetcatalog; path = Images.xcassets; sourceTree = "<group>"; };
		AEDCDADC1AA8E17800F35E0B /* Base */ = {isa = PBXFileReference; lastKnownFileType = file.xib; name = Base; path = Base.lproj/LaunchScreen.xib; sourceTree = "<group>"; };
		AEDCDAF21AA8E93700F35E0B /* SettingsTableViewController.swift */ = {isa = PBXFileReference; fileEncoding = 4; lastKnownFileType = sourcecode.swift; path = SettingsTableViewController.swift; sourceTree = "<group>"; };
		AEDCDAF41AAE073100F35E0B /* Person.swift */ = {isa = PBXFileReference; fileEncoding = 4; lastKnownFileType = sourcecode.swift; path = Person.swift; sourceTree = "<group>"; };
		AEDCDAF61AAE0D4200F35E0B /* LoginViewController.swift */ = {isa = PBXFileReference; fileEncoding = 4; lastKnownFileType = sourcecode.swift; path = LoginViewController.swift; sourceTree = "<group>"; };
/* End PBXFileReference section */

/* Begin PBXFrameworksBuildPhase section */
		AEDCDAC81AA8E17800F35E0B /* Frameworks */ = {
			isa = PBXFrameworksBuildPhase;
			buildActionMask = 2147483647;
			files = (
				AECA806E1AB7781900074BE9 /* Accounts.framework in Frameworks */,
				AECA806C1AB7780A00074BE9 /* Social.framework in Frameworks */,
				AECA78561AB2051A00074BE9 /* libsqlite3.dylib in Frameworks */,
				AECA78571AB2051A00074BE9 /* libz.dylib in Frameworks */,
				AECA784B1AB204F600074BE9 /* AudioToolbox.framework in Frameworks */,
				AECA784C1AB204F600074BE9 /* CFNetwork.framework in Frameworks */,
				AECA784D1AB204F600074BE9 /* CoreGraphics.framework in Frameworks */,
				AECA78651AB2102E00074BE9 /* ParseCrashReporting.framework in Frameworks */,
				AECA78671AB2102E00074BE9 /* ParseUI.framework in Frameworks */,
				AECA784E1AB204F600074BE9 /* CoreLocation.framework in Frameworks */,
				AECA806A1AB7755A00074BE9 /* FacebookSDK.framework in Frameworks */,
				AECA784F1AB204F600074BE9 /* MobileCoreServices.framework in Frameworks */,
				AECA78661AB2102E00074BE9 /* ParseFacebookUtils.framework in Frameworks */,
				AECA80711AB77F4F00074BE9 /* Parse.framework in Frameworks */,
				AECA78501AB204F600074BE9 /* QuartzCore.framework in Frameworks */,
				AECA78511AB204F600074BE9 /* Security.framework in Frameworks */,
				AECA78521AB204F600074BE9 /* StoreKit.framework in Frameworks */,
				AECA78531AB204F600074BE9 /* SystemConfiguration.framework in Frameworks */,
				AECA78401AB2041800074BE9 /* Bolts.framework in Frameworks */,
			);
			runOnlyForDeploymentPostprocessing = 0;
		};
/* End PBXFrameworksBuildPhase section */

/* Begin PBXGroup section */
		AECA80721AB8DE3500074BE9 /* Frameworks */ = {
			isa = PBXGroup;
			children = (
				AECA80701AB77F4F00074BE9 /* Parse.framework */,
				AECA806D1AB7781900074BE9 /* Accounts.framework */,
				AECA806B1AB7780A00074BE9 /* Social.framework */,
				AECA80691AB7755A00074BE9 /* FacebookSDK.framework */,
				AECA78621AB2102E00074BE9 /* ParseCrashReporting.framework */,
				AECA78631AB2102E00074BE9 /* ParseFacebookUtils.framework */,
				AECA78641AB2102E00074BE9 /* ParseUI.framework */,
				AECA78541AB2051900074BE9 /* libsqlite3.dylib */,
				AECA78551AB2051900074BE9 /* libz.dylib */,
				AECA78421AB204F600074BE9 /* AudioToolbox.framework */,
				AECA78431AB204F600074BE9 /* CFNetwork.framework */,
				AECA78441AB204F600074BE9 /* CoreGraphics.framework */,
				AECA78451AB204F600074BE9 /* CoreLocation.framework */,
				AECA78461AB204F600074BE9 /* MobileCoreServices.framework */,
				AECA78471AB204F600074BE9 /* QuartzCore.framework */,
				AECA78481AB204F600074BE9 /* Security.framework */,
				AECA78491AB204F600074BE9 /* StoreKit.framework */,
				AECA784A1AB204F600074BE9 /* SystemConfiguration.framework */,
				AECA783E1AB2041800074BE9 /* Bolts.framework */,
			);
			name = Frameworks;
			path = ..;
			sourceTree = "<group>";
		};
		AEDCDAC21AA8E17700F35E0B = {
			isa = PBXGroup;
			children = (
				AEDCDACD1AA8E17800F35E0B /* Health Social */,
				AEDCDACC1AA8E17800F35E0B /* Products */,
				AECA78691AB2151B00074BE9 /* Health Social-Bridging-Header.h */,
			);
			sourceTree = "<group>";
		};
		AEDCDACC1AA8E17800F35E0B /* Products */ = {
			isa = PBXGroup;
			children = (
				AEDCDACB1AA8E17800F35E0B /* Health Social.app */,
			);
			name = Products;
			sourceTree = "<group>";
		};
		AEDCDACD1AA8E17800F35E0B /* Health Social */ = {
			isa = PBXGroup;
			children = (
				AEDCDAD01AA8E17800F35E0B /* AppDelegate.swift */,
				AEDCDAD61AA8E17800F35E0B /* Main.storyboard */,
				AECA80731AB8EE8400074BE9 /* DebugViewController.swift */,
				AECA786C1AB3782D00074BE9 /* ParseLogInViewController.swift */,
				AECA783A1AAF743A00074BE9 /* NewUserTabBarController.swift */,
				AE3D9F2C1AAE7BF300A43370 /* SignUpViewController.swift */,
				AE3D9F2A1AAE6FF100A43370 /* HomeViewController.swift */,
				AEDCDAF61AAE0D4200F35E0B /* LoginViewController.swift */,
				AEDCDAF41AAE073100F35E0B /* Person.swift */,
				AEDCDAF21AA8E93700F35E0B /* SettingsTableViewController.swift */,
				AEDCDAD91AA8E17800F35E0B /* Images.xcassets */,
				AEDCDADB1AA8E17800F35E0B /* LaunchScreen.xib */,
				AEDCDACE1AA8E17800F35E0B /* Supporting Files */,
			);
			path = "Health Social";
			sourceTree = "<group>";
		};
		AEDCDACE1AA8E17800F35E0B /* Supporting Files */ = {
			isa = PBXGroup;
			children = (
				AECA80721AB8DE3500074BE9 /* Frameworks */,
				AEDCDACF1AA8E17800F35E0B /* Info.plist */,
			);
			name = "Supporting Files";
			sourceTree = "<group>";
		};
/* End PBXGroup section */

/* Begin PBXNativeTarget section */
		AEDCDACA1AA8E17800F35E0B /* Health Social */ = {
			isa = PBXNativeTarget;
			buildConfigurationList = AEDCDAEC1AA8E17800F35E0B /* Build configuration list for PBXNativeTarget "Health Social" */;
			buildPhases = (
				AEDCDAC71AA8E17800F35E0B /* Sources */,
				AEDCDAC81AA8E17800F35E0B /* Frameworks */,
				AEDCDAC91AA8E17800F35E0B /* Resources */,
			);
			buildRules = (
			);
			dependencies = (
			);
			name = "Health Social";
			productName = "Health Social";
			productReference = AEDCDACB1AA8E17800F35E0B /* Health Social.app */;
			productType = "com.apple.product-type.application";
		};
/* End PBXNativeTarget section */

/* Begin PBXProject section */
		AEDCDAC31AA8E17700F35E0B /* Project object */ = {
			isa = PBXProject;
			attributes = {
				LastUpgradeCheck = 0610;
				ORGANIZATIONNAME = "OriGen Health";
				TargetAttributes = {
					AEDCDACA1AA8E17800F35E0B = {
						CreatedOnToolsVersion = 6.1.1;
					};
				};
			};
			buildConfigurationList = AEDCDAC61AA8E17700F35E0B /* Build configuration list for PBXProject "Health Social" */;
			compatibilityVersion = "Xcode 3.2";
			developmentRegion = English;
			hasScannedForEncodings = 0;
			knownRegions = (
				en,
				Base,
				he,
			);
			mainGroup = AEDCDAC21AA8E17700F35E0B;
			productRefGroup = AEDCDACC1AA8E17800F35E0B /* Products */;
			projectDirPath = "";
			projectRoot = "";
			targets = (
				AEDCDACA1AA8E17800F35E0B /* Health Social */,
			);
		};
/* End PBXProject section */

/* Begin PBXResourcesBuildPhase section */
		AEDCDAC91AA8E17800F35E0B /* Resources */ = {
			isa = PBXResourcesBuildPhase;
			buildActionMask = 2147483647;
			files = (
				AEDCDAD81AA8E17800F35E0B /* Main.storyboard in Resources */,
				AEDCDADD1AA8E17800F35E0B /* LaunchScreen.xib in Resources */,
				AEDCDADA1AA8E17800F35E0B /* Images.xcassets in Resources */,
			);
			runOnlyForDeploymentPostprocessing = 0;
		};
/* End PBXResourcesBuildPhase section */

/* Begin PBXSourcesBuildPhase section */
		AEDCDAC71AA8E17800F35E0B /* Sources */ = {
			isa = PBXSourcesBuildPhase;
			buildActionMask = 2147483647;
			files = (
				AECA80741AB8EE8500074BE9 /* DebugViewController.swift in Sources */,
				AEDCDAF71AAE0D4200F35E0B /* LoginViewController.swift in Sources */,
				AEDCDAF51AAE073100F35E0B /* Person.swift in Sources */,
				AE3D9F2D1AAE7BF300A43370 /* SignUpViewController.swift in Sources */,
				AEDCDAF31AA8E93700F35E0B /* SettingsTableViewController.swift in Sources */,
				AECA786D1AB3782D00074BE9 /* ParseLogInViewController.swift in Sources */,
				AECA783B1AAF743A00074BE9 /* NewUserTabBarController.swift in Sources */,
				AEDCDAD11AA8E17800F35E0B /* AppDelegate.swift in Sources */,
				AE3D9F2B1AAE6FF100A43370 /* HomeViewController.swift in Sources */,
			);
			runOnlyForDeploymentPostprocessing = 0;
		};
/* End PBXSourcesBuildPhase section */

/* Begin PBXVariantGroup section */
		AEDCDAD61AA8E17800F35E0B /* Main.storyboard */ = {
			isa = PBXVariantGroup;
			children = (
				AEDCDAD71AA8E17800F35E0B /* Base */,
			);
			name = Main.storyboard;
			sourceTree = "<group>";
		};
		AEDCDADB1AA8E17800F35E0B /* LaunchScreen.xib */ = {
			isa = PBXVariantGroup;
			children = (
				AEDCDADC1AA8E17800F35E0B /* Base */,
			);
			name = LaunchScreen.xib;
			sourceTree = "<group>";
		};
/* End PBXVariantGroup section */

/* Begin XCBuildConfiguration section */
		AEDCDAEA1AA8E17800F35E0B /* Debug */ = {
			isa = XCBuildConfiguration;
			buildSettings = {
				ALWAYS_SEARCH_USER_PATHS = NO;
				CLANG_CXX_LANGUAGE_STANDARD = "gnu++0x";
				CLANG_CXX_LIBRARY = "libc++";
				CLANG_ENABLE_MODULES = YES;
				CLANG_ENABLE_OBJC_ARC = YES;
				CLANG_WARN_BOOL_CONVERSION = YES;
				CLANG_WARN_CONSTANT_CONVERSION = YES;
				CLANG_WARN_DIRECT_OBJC_ISA_USAGE = YES_ERROR;
				CLANG_WARN_EMPTY_BODY = YES;
				CLANG_WARN_ENUM_CONVERSION = YES;
				CLANG_WARN_INT_CONVERSION = YES;
				CLANG_WARN_OBJC_ROOT_CLASS = YES_ERROR;
				CLANG_WARN_UNREACHABLE_CODE = YES;
				CLANG_WARN__DUPLICATE_METHOD_MATCH = YES;
				"CODE_SIGN_IDENTITY[sdk=iphoneos*]" = "iPhone Developer";
				COPY_PHASE_STRIP = NO;
				ENABLE_STRICT_OBJC_MSGSEND = YES;
				FRAMEWORK_SEARCH_PATHS = " $(SRCROOT)";
				"FRAMEWORK_SEARCH_PATHS[arch=*]" = ./;
				GCC_C_LANGUAGE_STANDARD = gnu99;
				GCC_DYNAMIC_NO_PIC = NO;
				GCC_OPTIMIZATION_LEVEL = 0;
				GCC_PREPROCESSOR_DEFINITIONS = (
					"DEBUG=1",
					"$(inherited)",
				);
				GCC_SYMBOLS_PRIVATE_EXTERN = NO;
				GCC_WARN_64_TO_32_BIT_CONVERSION = YES;
				GCC_WARN_ABOUT_RETURN_TYPE = YES_ERROR;
				GCC_WARN_UNDECLARED_SELECTOR = YES;
				GCC_WARN_UNINITIALIZED_AUTOS = YES_AGGRESSIVE;
				GCC_WARN_UNUSED_FUNCTION = YES;
				GCC_WARN_UNUSED_VARIABLE = YES;
				IPHONEOS_DEPLOYMENT_TARGET = 8.1;
				MTL_ENABLE_DEBUG_INFO = YES;
				ONLY_ACTIVE_ARCH = YES;
				SDKROOT = iphoneos;
				SWIFT_OPTIMIZATION_LEVEL = "-Onone";
				TARGETED_DEVICE_FAMILY = "1,2";
			};
			name = Debug;
		};
		AEDCDAEB1AA8E17800F35E0B /* Release */ = {
			isa = XCBuildConfiguration;
			buildSettings = {
				ALWAYS_SEARCH_USER_PATHS = NO;
				CLANG_CXX_LANGUAGE_STANDARD = "gnu++0x";
				CLANG_CXX_LIBRARY = "libc++";
				CLANG_ENABLE_MODULES = YES;
				CLANG_ENABLE_OBJC_ARC = YES;
				CLANG_WARN_BOOL_CONVERSION = YES;
				CLANG_WARN_CONSTANT_CONVERSION = YES;
				CLANG_WARN_DIRECT_OBJC_ISA_USAGE = YES_ERROR;
				CLANG_WARN_EMPTY_BODY = YES;
				CLANG_WARN_ENUM_CONVERSION = YES;
				CLANG_WARN_INT_CONVERSION = YES;
				CLANG_WARN_OBJC_ROOT_CLASS = YES_ERROR;
				CLANG_WARN_UNREACHABLE_CODE = YES;
				CLANG_WARN__DUPLICATE_METHOD_MATCH = YES;
				"CODE_SIGN_IDENTITY[sdk=iphoneos*]" = "iPhone Developer";
				COPY_PHASE_STRIP = YES;
				ENABLE_NS_ASSERTIONS = NO;
				ENABLE_STRICT_OBJC_MSGSEND = YES;
				GCC_C_LANGUAGE_STANDARD = gnu99;
				GCC_WARN_64_TO_32_BIT_CONVERSION = YES;
				GCC_WARN_ABOUT_RETURN_TYPE = YES_ERROR;
				GCC_WARN_UNDECLARED_SELECTOR = YES;
				GCC_WARN_UNINITIALIZED_AUTOS = YES_AGGRESSIVE;
				GCC_WARN_UNUSED_FUNCTION = YES;
				GCC_WARN_UNUSED_VARIABLE = YES;
				IPHONEOS_DEPLOYMENT_TARGET = 8.1;
				MTL_ENABLE_DEBUG_INFO = NO;
				SDKROOT = iphoneos;
				TARGETED_DEVICE_FAMILY = "1,2";
				VALIDATE_PRODUCT = YES;
			};
			name = Release;
		};
		AEDCDAED1AA8E17800F35E0B /* Debug */ = {
			isa = XCBuildConfiguration;
			buildSettings = {
				ASSETCATALOG_COMPILER_APPICON_NAME = AppIcon;
				CLANG_ENABLE_MODULES = YES;
				DEFINES_MODULE = NO;
				FRAMEWORK_SEARCH_PATHS = (
					"$(INHERITED)",
					"$(PROJECT_DIR)",
				);
				INFOPLIST_FILE = "Health Social/Info.plist";
				LD_RUNPATH_SEARCH_PATHS = "$(inherited) @executable_path/Frameworks";
				"LIBRARY_SEARCH_PATHS[arch=*]" = "";
				PRODUCT_NAME = "$(TARGET_NAME)";
				SWIFT_OBJC_BRIDGING_HEADER = "Health Social-Bridging-Header.h";
				SWIFT_OPTIMIZATION_LEVEL = "-Onone";
			};
			name = Debug;
		};
		AEDCDAEE1AA8E17800F35E0B /* Release */ = {
			isa = XCBuildConfiguration;
			buildSettings = {
				ASSETCATALOG_COMPILER_APPICON_NAME = AppIcon;
				CLANG_ENABLE_MODULES = YES;
				DEFINES_MODULE = NO;
				FRAMEWORK_SEARCH_PATHS = "$(PROJECT_DIR)";
				INFOPLIST_FILE = "Health Social/Info.plist";
				LD_RUNPATH_SEARCH_PATHS = "$(inherited) @executable_path/Frameworks";
				PRODUCT_NAME = "$(TARGET_NAME)";
				SWIFT_OBJC_BRIDGING_HEADER = "Health Social-Bridging-Header.h";
			};
			name = Release;
		};
/* End XCBuildConfiguration section */

/* Begin XCConfigurationList section */
		AEDCDAC61AA8E17700F35E0B /* Build configuration list for PBXProject "Health Social" */ = {
			isa = XCConfigurationList;
			buildConfigurations = (
				AEDCDAEA1AA8E17800F35E0B /* Debug */,
				AEDCDAEB1AA8E17800F35E0B /* Release */,
			);
			defaultConfigurationIsVisible = 0;
			defaultConfigurationName = Release;
		};
		AEDCDAEC1AA8E17800F35E0B /* Build configuration list for PBXNativeTarget "Health Social" */ = {
			isa = XCConfigurationList;
			buildConfigurations = (
				AEDCDAED1AA8E17800F35E0B /* Debug */,
				AEDCDAEE1AA8E17800F35E0B /* Release */,
			);
			defaultConfigurationIsVisible = 0;
			defaultConfigurationName = Release;
		};
/* End XCConfigurationList section */
	};
	rootObject = AEDCDAC31AA8E17700F35E0B /* Project object */;
}
